
Microsoft Visual Studio Solution File, Format Version 12.00
# Visual Studio Version 17
VisualStudioVersion = 17.1.32421.90
MinimumVisualStudioVersion = 10.0.40219.1
Project("{9A19103F-16F7-4668-BE54-9A1E7A4F7556}") = "ClassScheduleApi", "ClassScheduleApi\ClassScheduleApi.csproj", "{CA0C1F3E-02EE-46C9-916C-3E5B15E29B60}"
EndProject
Project("{9A19103F-16F7-4668-BE54-9A1E7A4F7556}") = "CoursesAPI", "CoursesAPI\CoursesAPI.csproj", "{0666EFDB-E752-48D7-8D5B-F6B59FC00076}"
EndProject
Project("{FAE04EC0-301F-11D3-BF4B-00C04F79EFBC}") = "RegistrationsBffApi", "RegistrationsBffApi\RegistrationsBffApi.csproj", "{30393A9D-6570-487B-88A3-D1BEB176A5DC}"
EndProject
Global
	GlobalSection(SolutionConfigurationPlatforms) = preSolution
		Debug|Any CPU = Debug|Any CPU
		Release|Any CPU = Release|Any CPU
	EndGlobalSection
	GlobalSection(ProjectConfigurationPlatforms) = postSolution
		{CA0C1F3E-02EE-46C9-916C-3E5B15E29B60}.Debug|Any CPU.ActiveCfg = Debug|Any CPU
		{CA0C1F3E-02EE-46C9-916C-3E5B15E29B60}.Debug|Any CPU.Build.0 = Debug|Any CPU
		{CA0C1F3E-02EE-46C9-916C-3E5B15E29B60}.Release|Any CPU.ActiveCfg = Release|Any CPU
		{CA0C1F3E-02EE-46C9-916C-3E5B15E29B60}.Release|Any CPU.Build.0 = Release|Any CPU
		{0666EFDB-E752-48D7-8D5B-F6B59FC00076}.Debug|Any CPU.ActiveCfg = Debug|Any CPU
		{0666EFDB-E752-48D7-8D5B-F6B59FC00076}.Debug|Any CPU.Build.0 = Debug|Any CPU
		{0666EFDB-E752-48D7-8D5B-F6B59FC00076}.Release|Any CPU.ActiveCfg = Release|Any CPU
		{0666EFDB-E752-48D7-8D5B-F6B59FC00076}.Release|Any CPU.Build.0 = Release|Any CPU
		{30393A9D-6570-487B-88A3-D1BEB176A5DC}.Debug|Any CPU.ActiveCfg = Debug|Any CPU
		{30393A9D-6570-487B-88A3-D1BEB176A5DC}.Debug|Any CPU.Build.0 = Debug|Any CPU
		{30393A9D-6570-487B-88A3-D1BEB176A5DC}.Release|Any CPU.ActiveCfg = Release|Any CPU
		{30393A9D-6570-487B-88A3-D1BEB176A5DC}.Release|Any CPU.Build.0 = Release|Any CPU
	EndGlobalSection
	GlobalSection(SolutionProperties) = preSolution
		HideSolutionNode = FALSE
	EndGlobalSection
	GlobalSection(ExtensibilityGlobals) = postSolution
		SolutionGuid = {F63542C7-5364-401D-8A10-7AC056D45221}
	EndGlobalSection
EndGlobal
